
Microsoft Visual Studio Solution File, Format Version 12.00
# Visual Studio Version 16
VisualStudioVersion = 16.0.31205.134
MinimumVisualStudioVersion = 10.0.40219.1
Project("{2150E333-8FDC-42A3-9474-1A3956D46DE8}") = "Services", "Services", "{8C24A0EA-E536-4782-A9B2-F9B856C35645}"
EndProject
Project("{2150E333-8FDC-42A3-9474-1A3956D46DE8}") = "Catalog", "Catalog", "{06810BB2-2E4D-4E72-B83D-80E3DE61E585}"
EndProject
Project("{9A19103F-16F7-4668-BE54-9A1E7A4F7556}") = "Catalog.API", "Services\Catalog\Catalog.API\Catalog.API.csproj", "{C0C302BA-6744-47C3-9B91-F2C1E2A80E2E}"
EndProject
Project("{E53339B2-1760-4266-BCC7-CA923CBCF16C}") = "docker-compose", "docker-compose.dcproj", "{CA24C148-E787-431F-93D5-36AFAB48F615}"
EndProject
Project("{2150E333-8FDC-42A3-9474-1A3956D46DE8}") = "Basket", "Basket", "{29D95A77-65E9-4AAA-9688-E6DE79636655}"
EndProject
Project("{2150E333-8FDC-42A3-9474-1A3956D46DE8}") = "Discount", "Discount", "{BCBD17FE-2B54-4A39-8CB4-3CC1DE25A85F}"
EndProject
Project("{9A19103F-16F7-4668-BE54-9A1E7A4F7556}") = "Discount.API", "Services\Discount\Discount.API\Discount.API.csproj", "{768A6CFF-95D6-4909-935C-C0A3442F7538}"
EndProject
Project("{2150E333-8FDC-42A3-9474-1A3956D46DE8}") = "Ordering", "Ordering", "{8E096DA1-4549-4B30-BE43-CBCEE24E1D8A}"
EndProject
Project("{9A19103F-16F7-4668-BE54-9A1E7A4F7556}") = "Ordering.API", "Services\Ordering\Ordering.API\Ordering.API.csproj", "{76DE3980-82FC-4AA0-A55B-2CE5596057C4}"
EndProject
Project("{9A19103F-16F7-4668-BE54-9A1E7A4F7556}") = "Basket.API", "Services\Basket\Basket.API\Basket.API.csproj", "{B5D5EB0A-8144-4D88-B3FE-D6C38FF9EDFE}"
EndProject
Project("{9A19103F-16F7-4668-BE54-9A1E7A4F7556}") = "Discount.Grpc", "Services\Discount\Discount.Grpc\Discount.Grpc.csproj", "{59009DD8-EB4A-46D1-806C-F5839F862C79}"
EndProject
Global
	GlobalSection(SolutionConfigurationPlatforms) = preSolution
		Debug|Any CPU = Debug|Any CPU
		Release|Any CPU = Release|Any CPU
	EndGlobalSection
	GlobalSection(ProjectConfigurationPlatforms) = postSolution
		{C0C302BA-6744-47C3-9B91-F2C1E2A80E2E}.Debug|Any CPU.ActiveCfg = Debug|Any CPU
		{C0C302BA-6744-47C3-9B91-F2C1E2A80E2E}.Debug|Any CPU.Build.0 = Debug|Any CPU
		{C0C302BA-6744-47C3-9B91-F2C1E2A80E2E}.Release|Any CPU.ActiveCfg = Release|Any CPU
		{C0C302BA-6744-47C3-9B91-F2C1E2A80E2E}.Release|Any CPU.Build.0 = Release|Any CPU
		{CA24C148-E787-431F-93D5-36AFAB48F615}.Debug|Any CPU.ActiveCfg = Debug|Any CPU
		{CA24C148-E787-431F-93D5-36AFAB48F615}.Debug|Any CPU.Build.0 = Debug|Any CPU
		{CA24C148-E787-431F-93D5-36AFAB48F615}.Release|Any CPU.ActiveCfg = Release|Any CPU
		{CA24C148-E787-431F-93D5-36AFAB48F615}.Release|Any CPU.Build.0 = Release|Any CPU
		{768A6CFF-95D6-4909-935C-C0A3442F7538}.Debug|Any CPU.ActiveCfg = Debug|Any CPU
		{768A6CFF-95D6-4909-935C-C0A3442F7538}.Debug|Any CPU.Build.0 = Debug|Any CPU
		{768A6CFF-95D6-4909-935C-C0A3442F7538}.Release|Any CPU.ActiveCfg = Release|Any CPU
		{768A6CFF-95D6-4909-935C-C0A3442F7538}.Release|Any CPU.Build.0 = Release|Any CPU
		{76DE3980-82FC-4AA0-A55B-2CE5596057C4}.Debug|Any CPU.ActiveCfg = Debug|Any CPU
		{76DE3980-82FC-4AA0-A55B-2CE5596057C4}.Debug|Any CPU.Build.0 = Debug|Any CPU
		{76DE3980-82FC-4AA0-A55B-2CE5596057C4}.Release|Any CPU.ActiveCfg = Release|Any CPU
		{76DE3980-82FC-4AA0-A55B-2CE5596057C4}.Release|Any CPU.Build.0 = Release|Any CPU
		{B5D5EB0A-8144-4D88-B3FE-D6C38FF9EDFE}.Debug|Any CPU.ActiveCfg = Debug|Any CPU
		{B5D5EB0A-8144-4D88-B3FE-D6C38FF9EDFE}.Debug|Any CPU.Build.0 = Debug|Any CPU
		{B5D5EB0A-8144-4D88-B3FE-D6C38FF9EDFE}.Release|Any CPU.ActiveCfg = Release|Any CPU
		{B5D5EB0A-8144-4D88-B3FE-D6C38FF9EDFE}.Release|Any CPU.Build.0 = Release|Any CPU
		{59009DD8-EB4A-46D1-806C-F5839F862C79}.Debug|Any CPU.ActiveCfg = Debug|Any CPU
		{59009DD8-EB4A-46D1-806C-F5839F862C79}.Debug|Any CPU.Build.0 = Debug|Any CPU
		{59009DD8-EB4A-46D1-806C-F5839F862C79}.Release|Any CPU.ActiveCfg = Release|Any CPU
		{59009DD8-EB4A-46D1-806C-F5839F862C79}.Release|Any CPU.Build.0 = Release|Any CPU
	EndGlobalSection
	GlobalSection(SolutionProperties) = preSolution
		HideSolutionNode = FALSE
	EndGlobalSection
	GlobalSection(NestedProjects) = preSolution
		{06810BB2-2E4D-4E72-B83D-80E3DE61E585} = {8C24A0EA-E536-4782-A9B2-F9B856C35645}
		{C0C302BA-6744-47C3-9B91-F2C1E2A80E2E} = {06810BB2-2E4D-4E72-B83D-80E3DE61E585}
		{29D95A77-65E9-4AAA-9688-E6DE79636655} = {8C24A0EA-E536-4782-A9B2-F9B856C35645}
		{BCBD17FE-2B54-4A39-8CB4-3CC1DE25A85F} = {8C24A0EA-E536-4782-A9B2-F9B856C35645}
		{768A6CFF-95D6-4909-935C-C0A3442F7538} = {BCBD17FE-2B54-4A39-8CB4-3CC1DE25A85F}
		{8E096DA1-4549-4B30-BE43-CBCEE24E1D8A} = {8C24A0EA-E536-4782-A9B2-F9B856C35645}
		{76DE3980-82FC-4AA0-A55B-2CE5596057C4} = {8E096DA1-4549-4B30-BE43-CBCEE24E1D8A}
		{B5D5EB0A-8144-4D88-B3FE-D6C38FF9EDFE} = {29D95A77-65E9-4AAA-9688-E6DE79636655}
		{59009DD8-EB4A-46D1-806C-F5839F862C79} = {BCBD17FE-2B54-4A39-8CB4-3CC1DE25A85F}
	EndGlobalSection
	GlobalSection(ExtensibilityGlobals) = postSolution
		SolutionGuid = {9C19AF0D-842E-4D6B-9235-9DCB3288A1BE}
	EndGlobalSection
EndGlobal
